{
  "name": "touchportal_icue",
  "version": "1.0.3",
  "lockfileVersion": 2,
  "requires": true,
  "packages": {
    "": {
      "name": "touchportal_icue",
      "version": "1.0.3",
      "license": "MIT",
      "dependencies": {
        "cue-sdk": "^1.6.0",
        "touchportal-api": "^1.0.6"
      },
      "bin": {
        "touchportal_icue": "src/index.js"
      }
    },
    "node_modules/cue-sdk": {
      "version": "1.6.0",
      "resolved": "https://registry.npmjs.org/cue-sdk/-/cue-sdk-1.6.0.tgz",
      "integrity": "sha512-9EI7zv9e0p3McjrjY44TwtekCUW/tY+ge54pOGRg37YvUKaQ9Cv6Ycvotj3u8v3ePl2JD0RkNlTmUJiQ+uZKIw==",
      "hasInstallScript": true,
      "dependencies": {
        "node-addon-api": "3.0.2",
        "node-gyp-build": "4.2.3"
      }
    },
    "node_modules/node-addon-api": {
      "version": "3.0.2",
      "resolved": "https://registry.npmjs.org/node-addon-api/-/node-addon-api-3.0.2.tgz",
      "integrity": "sha512-+D4s2HCnxPd5PjjI0STKwncjXTUKKqm74MDMz9OPXavjsGmjkvwgLtA5yoxJUdmpj52+2u+RrXgPipahKczMKg=="
    },
    "node_modules/node-gyp-build": {
      "version": "4.2.3",
      "resolved": "https://registry.npmjs.org/node-gyp-build/-/node-gyp-build-4.2.3.tgz",
      "integrity": "sha512-MN6ZpzmfNCRM+3t57PTJHgHyw/h4OWnZ6mR8P5j/uZtqQr46RRuDE/P+g3n0YR/AiYXeWixZZzaip77gdICfRg==",
      "bin": {
        "node-gyp-build": "bin.js",
        "node-gyp-build-optional": "optional.js",
        "node-gyp-build-test": "build-test.js"
      }
    },
    "node_modules/touchportal-api": {
      "version": "1.0.6",
      "resolved": "https://registry.npmjs.org/touchportal-api/-/touchportal-api-1.0.6.tgz",
      "integrity": "sha512-kwra4n4Ph1nBGdZZzV/33FIj9Tazw9i1L/LJFCjS0MOjt2U5UmyDrbOBOXluaSC6OomL89AXHozMYOy8du6Bng=="
    }
  },
  "dependencies": {
    "cue-sdk": {
      "version": "1.6.0",
      "resolved": "https://registry.npmjs.org/cue-sdk/-/cue-sdk-1.6.0.tgz",
      "integrity": "sha512-9EI7zv9e0p3McjrjY44TwtekCUW/tY+ge54pOGRg37YvUKaQ9Cv6Ycvotj3u8v3ePl2JD0RkNlTmUJiQ+uZKIw==",
      "requires": {
        "node-addon-api": "3.0.2",
        "node-gyp-build": "4.2.3"
      }
    },
    "node-addon-api": {
      "version": "3.0.2",
      "resolved": "https://registry.npmjs.org/node-addon-api/-/node-addon-api-3.0.2.tgz",
      "integrity": "sha512-+D4s2HCnxPd5PjjI0STKwncjXTUKKqm74MDMz9OPXavjsGmjkvwgLtA5yoxJUdmpj52+2u+RrXgPipahKczMKg=="
    },
    "node-gyp-build": {
      "version": "4.2.3",
      "resolved": "https://registry.npmjs.org/node-gyp-build/-/node-gyp-build-4.2.3.tgz",
      "integrity": "sha512-MN6ZpzmfNCRM+3t57PTJHgHyw/h4OWnZ6mR8P5j/uZtqQr46RRuDE/P+g3n0YR/AiYXeWixZZzaip77gdICfRg=="
    },
    "touchportal-api": {
      "version": "1.0.6",
      "resolved": "https://registry.npmjs.org/touchportal-api/-/touchportal-api-1.0.6.tgz",
      "integrity": "sha512-kwra4n4Ph1nBGdZZzV/33FIj9Tazw9i1L/LJFCjS0MOjt2U5UmyDrbOBOXluaSC6OomL89AXHozMYOy8du6Bng=="
    }
  }
}
